
Microsoft Visual Studio Solution File, Format Version 12.00
# Visual Studio 15
VisualStudioVersion = 15.0.28307.438
MinimumVisualStudioVersion = 10.0.40219.1
Project("{9A19103F-16F7-4668-BE54-9A1E7A4F7556}") = "MTT", "MTT\MTT.csproj", "{AC905296-59E3-441E-BE5D-CEED7EA799F0}"
EndProject
Global
	GlobalSection(SolutionConfigurationPlatforms) = preSolution
		Debug|Any CPU = Debug|Any CPU
		Release|Any CPU = Release|Any CPU
	EndGlobalSection
	GlobalSection(ProjectConfigurationPlatforms) = postSolution
		{AC905296-59E3-441E-BE5D-CEED7EA799F0}.Debug|Any CPU.ActiveCfg = Debug|Any CPU
		{AC905296-59E3-441E-BE5D-CEED7EA799F0}.Debug|Any CPU.Build.0 = Debug|Any CPU
		{AC905296-59E3-441E-BE5D-CEED7EA799F0}.Release|Any CPU.ActiveCfg = Release|Any CPU
		{AC905296-59E3-441E-BE5D-CEED7EA799F0}.Release|Any CPU.Build.0 = Release|Any CPU
	EndGlobalSection
	GlobalSection(SolutionProperties) = preSolution
		HideSolutionNode = FALSE
	EndGlobalSection
	GlobalSection(ExtensibilityGlobals) = postSolution
		SolutionGuid = {2509B2F6-091C-4229-A9FF-BC508E15E4A1}
	EndGlobalSection
EndGlobal
